
Microsoft Visual Studio Solution File, Format Version 12.00
# Visual Studio 15
VisualStudioVersion = 15.0.26124.0
MinimumVisualStudioVersion = 15.0.26124.0
Project("{FAE04EC0-301F-11D3-BF4B-00C04F79EFBC}") = "AnagramSolver", "AnagramSolver\AnagramSolver.csproj", "{BC49FCE3-D14A-4780-A933-316716A8291E}"
EndProject
Project("{FAE04EC0-301F-11D3-BF4B-00C04F79EFBC}") = "AnagramSolver.Tests", "AnagramSolver.Tests\AnagramSolver.Tests.csproj", "{53E48A68-7139-4ED2-9F28-BFB45313360C}"
EndProject
Project("{FAE04EC0-301F-11D3-BF4B-00C04F79EFBC}") = "AnagramSolver.BusnessLogic", "AnagramSolver.BusinessLogic\AnagramSolver.BusnessLogic.csproj", "{246E0DEB-DF70-431F-9DA7-C38B78FFDA97}"
EndProject
Project("{FAE04EC0-301F-11D3-BF4B-00C04F79EFBC}") = "AnagramSolver.Interfaces", "AnagramSolver.Interfaces\AnagramSolver.Interfaces.csproj", "{8F502EC8-B92B-4CF9-BB24-54BE4F5C0183}"
EndProject
Project("{FAE04EC0-301F-11D3-BF4B-00C04F79EFBC}") = "AnagramSolver.Contracts", "AnagramSolver.Contracts\AnagramSolver.Contracts.csproj", "{263B8CD6-82CF-4A42-9119-38397B83761D}"
EndProject
Project("{FAE04EC0-301F-11D3-BF4B-00C04F79EFBC}") = "AnagramSolver.UI", "AnagramSolver.UI\AnagramSolver.UI.csproj", "{A7455803-5BAC-4C4A-917D-57CB4896A9D3}"
EndProject
Project("{FAE04EC0-301F-11D3-BF4B-00C04F79EFBC}") = "AnagramSolver.WebApp", "AnagramSolver.WebApp\AnagramSolver.WebApp.csproj", "{AE75FA13-9B8B-4C87-9094-090A04C0E42E}"
EndProject
Project("{FAE04EC0-301F-11D3-BF4B-00C04F79EFBC}") = "AnagramSolver.EF.CodeFirst", "AnagramSolver.EF.CodeFirst\AnagramSolver.EF.CodeFirst.csproj", "{61B4270F-E46F-4727-90E0-4E9CE1574BF9}"
EndProject
Global
	GlobalSection(SolutionConfigurationPlatforms) = preSolution
		Debug|Any CPU = Debug|Any CPU
		Debug|x64 = Debug|x64
		Debug|x86 = Debug|x86
		Release|Any CPU = Release|Any CPU
		Release|x64 = Release|x64
		Release|x86 = Release|x86
	EndGlobalSection
	GlobalSection(SolutionProperties) = preSolution
		HideSolutionNode = FALSE
	EndGlobalSection
	GlobalSection(ProjectConfigurationPlatforms) = postSolution
		{BC49FCE3-D14A-4780-A933-316716A8291E}.Debug|Any CPU.ActiveCfg = Debug|Any CPU
		{BC49FCE3-D14A-4780-A933-316716A8291E}.Debug|Any CPU.Build.0 = Debug|Any CPU
		{BC49FCE3-D14A-4780-A933-316716A8291E}.Debug|x64.ActiveCfg = Debug|Any CPU
		{BC49FCE3-D14A-4780-A933-316716A8291E}.Debug|x64.Build.0 = Debug|Any CPU
		{BC49FCE3-D14A-4780-A933-316716A8291E}.Debug|x86.ActiveCfg = Debug|Any CPU
		{BC49FCE3-D14A-4780-A933-316716A8291E}.Debug|x86.Build.0 = Debug|Any CPU
		{BC49FCE3-D14A-4780-A933-316716A8291E}.Release|Any CPU.ActiveCfg = Release|Any CPU
		{BC49FCE3-D14A-4780-A933-316716A8291E}.Release|Any CPU.Build.0 = Release|Any CPU
		{BC49FCE3-D14A-4780-A933-316716A8291E}.Release|x64.ActiveCfg = Release|Any CPU
		{BC49FCE3-D14A-4780-A933-316716A8291E}.Release|x64.Build.0 = Release|Any CPU
		{BC49FCE3-D14A-4780-A933-316716A8291E}.Release|x86.ActiveCfg = Release|Any CPU
		{BC49FCE3-D14A-4780-A933-316716A8291E}.Release|x86.Build.0 = Release|Any CPU
		{53E48A68-7139-4ED2-9F28-BFB45313360C}.Debug|Any CPU.ActiveCfg = Debug|Any CPU
		{53E48A68-7139-4ED2-9F28-BFB45313360C}.Debug|Any CPU.Build.0 = Debug|Any CPU
		{53E48A68-7139-4ED2-9F28-BFB45313360C}.Debug|x64.ActiveCfg = Debug|Any CPU
		{53E48A68-7139-4ED2-9F28-BFB45313360C}.Debug|x64.Build.0 = Debug|Any CPU
		{53E48A68-7139-4ED2-9F28-BFB45313360C}.Debug|x86.ActiveCfg = Debug|Any CPU
		{53E48A68-7139-4ED2-9F28-BFB45313360C}.Debug|x86.Build.0 = Debug|Any CPU
		{53E48A68-7139-4ED2-9F28-BFB45313360C}.Release|Any CPU.ActiveCfg = Release|Any CPU
		{53E48A68-7139-4ED2-9F28-BFB45313360C}.Release|Any CPU.Build.0 = Release|Any CPU
		{53E48A68-7139-4ED2-9F28-BFB45313360C}.Release|x64.ActiveCfg = Release|Any CPU
		{53E48A68-7139-4ED2-9F28-BFB45313360C}.Release|x64.Build.0 = Release|Any CPU
		{53E48A68-7139-4ED2-9F28-BFB45313360C}.Release|x86.ActiveCfg = Release|Any CPU
		{53E48A68-7139-4ED2-9F28-BFB45313360C}.Release|x86.Build.0 = Release|Any CPU
		{246E0DEB-DF70-431F-9DA7-C38B78FFDA97}.Debug|Any CPU.ActiveCfg = Debug|Any CPU
		{246E0DEB-DF70-431F-9DA7-C38B78FFDA97}.Debug|Any CPU.Build.0 = Debug|Any CPU
		{246E0DEB-DF70-431F-9DA7-C38B78FFDA97}.Debug|x64.ActiveCfg = Debug|Any CPU
		{246E0DEB-DF70-431F-9DA7-C38B78FFDA97}.Debug|x64.Build.0 = Debug|Any CPU
		{246E0DEB-DF70-431F-9DA7-C38B78FFDA97}.Debug|x86.ActiveCfg = Debug|Any CPU
		{246E0DEB-DF70-431F-9DA7-C38B78FFDA97}.Debug|x86.Build.0 = Debug|Any CPU
		{246E0DEB-DF70-431F-9DA7-C38B78FFDA97}.Release|Any CPU.ActiveCfg = Release|Any CPU
		{246E0DEB-DF70-431F-9DA7-C38B78FFDA97}.Release|Any CPU.Build.0 = Release|Any CPU
		{246E0DEB-DF70-431F-9DA7-C38B78FFDA97}.Release|x64.ActiveCfg = Release|Any CPU
		{246E0DEB-DF70-431F-9DA7-C38B78FFDA97}.Release|x64.Build.0 = Release|Any CPU
		{246E0DEB-DF70-431F-9DA7-C38B78FFDA97}.Release|x86.ActiveCfg = Release|Any CPU
		{246E0DEB-DF70-431F-9DA7-C38B78FFDA97}.Release|x86.Build.0 = Release|Any CPU
		{8F502EC8-B92B-4CF9-BB24-54BE4F5C0183}.Debug|Any CPU.ActiveCfg = Debug|Any CPU
		{8F502EC8-B92B-4CF9-BB24-54BE4F5C0183}.Debug|Any CPU.Build.0 = Debug|Any CPU
		{8F502EC8-B92B-4CF9-BB24-54BE4F5C0183}.Debug|x64.ActiveCfg = Debug|Any CPU
		{8F502EC8-B92B-4CF9-BB24-54BE4F5C0183}.Debug|x64.Build.0 = Debug|Any CPU
		{8F502EC8-B92B-4CF9-BB24-54BE4F5C0183}.Debug|x86.ActiveCfg = Debug|Any CPU
		{8F502EC8-B92B-4CF9-BB24-54BE4F5C0183}.Debug|x86.Build.0 = Debug|Any CPU
		{8F502EC8-B92B-4CF9-BB24-54BE4F5C0183}.Release|Any CPU.ActiveCfg = Release|Any CPU
		{8F502EC8-B92B-4CF9-BB24-54BE4F5C0183}.Release|Any CPU.Build.0 = Release|Any CPU
		{8F502EC8-B92B-4CF9-BB24-54BE4F5C0183}.Release|x64.ActiveCfg = Release|Any CPU
		{8F502EC8-B92B-4CF9-BB24-54BE4F5C0183}.Release|x64.Build.0 = Release|Any CPU
		{8F502EC8-B92B-4CF9-BB24-54BE4F5C0183}.Release|x86.ActiveCfg = Release|Any CPU
		{8F502EC8-B92B-4CF9-BB24-54BE4F5C0183}.Release|x86.Build.0 = Release|Any CPU
		{263B8CD6-82CF-4A42-9119-38397B83761D}.Debug|Any CPU.ActiveCfg = Debug|Any CPU
		{263B8CD6-82CF-4A42-9119-38397B83761D}.Debug|Any CPU.Build.0 = Debug|Any CPU
		{263B8CD6-82CF-4A42-9119-38397B83761D}.Debug|x64.ActiveCfg = Debug|Any CPU
		{263B8CD6-82CF-4A42-9119-38397B83761D}.Debug|x64.Build.0 = Debug|Any CPU
		{263B8CD6-82CF-4A42-9119-38397B83761D}.Debug|x86.ActiveCfg = Debug|Any CPU
		{263B8CD6-82CF-4A42-9119-38397B83761D}.Debug|x86.Build.0 = Debug|Any CPU
		{263B8CD6-82CF-4A42-9119-38397B83761D}.Release|Any CPU.ActiveCfg = Release|Any CPU
		{263B8CD6-82CF-4A42-9119-38397B83761D}.Release|Any CPU.Build.0 = Release|Any CPU
		{263B8CD6-82CF-4A42-9119-38397B83761D}.Release|x64.ActiveCfg = Release|Any CPU
		{263B8CD6-82CF-4A42-9119-38397B83761D}.Release|x64.Build.0 = Release|Any CPU
		{263B8CD6-82CF-4A42-9119-38397B83761D}.Release|x86.ActiveCfg = Release|Any CPU
		{263B8CD6-82CF-4A42-9119-38397B83761D}.Release|x86.Build.0 = Release|Any CPU
		{A7455803-5BAC-4C4A-917D-57CB4896A9D3}.Debug|Any CPU.ActiveCfg = Debug|Any CPU
		{A7455803-5BAC-4C4A-917D-57CB4896A9D3}.Debug|Any CPU.Build.0 = Debug|Any CPU
		{A7455803-5BAC-4C4A-917D-57CB4896A9D3}.Debug|x64.ActiveCfg = Debug|Any CPU
		{A7455803-5BAC-4C4A-917D-57CB4896A9D3}.Debug|x64.Build.0 = Debug|Any CPU
		{A7455803-5BAC-4C4A-917D-57CB4896A9D3}.Debug|x86.ActiveCfg = Debug|Any CPU
		{A7455803-5BAC-4C4A-917D-57CB4896A9D3}.Debug|x86.Build.0 = Debug|Any CPU
		{A7455803-5BAC-4C4A-917D-57CB4896A9D3}.Release|Any CPU.ActiveCfg = Release|Any CPU
		{A7455803-5BAC-4C4A-917D-57CB4896A9D3}.Release|Any CPU.Build.0 = Release|Any CPU
		{A7455803-5BAC-4C4A-917D-57CB4896A9D3}.Release|x64.ActiveCfg = Release|Any CPU
		{A7455803-5BAC-4C4A-917D-57CB4896A9D3}.Release|x64.Build.0 = Release|Any CPU
		{A7455803-5BAC-4C4A-917D-57CB4896A9D3}.Release|x86.ActiveCfg = Release|Any CPU
		{A7455803-5BAC-4C4A-917D-57CB4896A9D3}.Release|x86.Build.0 = Release|Any CPU
		{AE75FA13-9B8B-4C87-9094-090A04C0E42E}.Debug|Any CPU.ActiveCfg = Debug|Any CPU
		{AE75FA13-9B8B-4C87-9094-090A04C0E42E}.Debug|Any CPU.Build.0 = Debug|Any CPU
		{AE75FA13-9B8B-4C87-9094-090A04C0E42E}.Debug|x64.ActiveCfg = Debug|Any CPU
		{AE75FA13-9B8B-4C87-9094-090A04C0E42E}.Debug|x64.Build.0 = Debug|Any CPU
		{AE75FA13-9B8B-4C87-9094-090A04C0E42E}.Debug|x86.ActiveCfg = Debug|Any CPU
		{AE75FA13-9B8B-4C87-9094-090A04C0E42E}.Debug|x86.Build.0 = Debug|Any CPU
		{AE75FA13-9B8B-4C87-9094-090A04C0E42E}.Release|Any CPU.ActiveCfg = Release|Any CPU
		{AE75FA13-9B8B-4C87-9094-090A04C0E42E}.Release|Any CPU.Build.0 = Release|Any CPU
		{AE75FA13-9B8B-4C87-9094-090A04C0E42E}.Release|x64.ActiveCfg = Release|Any CPU
		{AE75FA13-9B8B-4C87-9094-090A04C0E42E}.Release|x64.Build.0 = Release|Any CPU
		{AE75FA13-9B8B-4C87-9094-090A04C0E42E}.Release|x86.ActiveCfg = Release|Any CPU
		{AE75FA13-9B8B-4C87-9094-090A04C0E42E}.Release|x86.Build.0 = Release|Any CPU
		{61B4270F-E46F-4727-90E0-4E9CE1574BF9}.Debug|Any CPU.ActiveCfg = Debug|Any CPU
		{61B4270F-E46F-4727-90E0-4E9CE1574BF9}.Debug|Any CPU.Build.0 = Debug|Any CPU
		{61B4270F-E46F-4727-90E0-4E9CE1574BF9}.Debug|x64.ActiveCfg = Debug|Any CPU
		{61B4270F-E46F-4727-90E0-4E9CE1574BF9}.Debug|x64.Build.0 = Debug|Any CPU
		{61B4270F-E46F-4727-90E0-4E9CE1574BF9}.Debug|x86.ActiveCfg = Debug|Any CPU
		{61B4270F-E46F-4727-90E0-4E9CE1574BF9}.Debug|x86.Build.0 = Debug|Any CPU
		{61B4270F-E46F-4727-90E0-4E9CE1574BF9}.Release|Any CPU.ActiveCfg = Release|Any CPU
		{61B4270F-E46F-4727-90E0-4E9CE1574BF9}.Release|Any CPU.Build.0 = Release|Any CPU
		{61B4270F-E46F-4727-90E0-4E9CE1574BF9}.Release|x64.ActiveCfg = Release|Any CPU
		{61B4270F-E46F-4727-90E0-4E9CE1574BF9}.Release|x64.Build.0 = Release|Any CPU
		{61B4270F-E46F-4727-90E0-4E9CE1574BF9}.Release|x86.ActiveCfg = Release|Any CPU
		{61B4270F-E46F-4727-90E0-4E9CE1574BF9}.Release|x86.Build.0 = Release|Any CPU
	EndGlobalSection
EndGlobal
